
Microsoft Visual Studio Solution File, Format Version 12.00
# Visual Studio Version 17
VisualStudioVersion = 17.0.31903.59
MinimumVisualStudioVersion = 10.0.40219.1
Project("{FAE04EC0-301F-11D3-BF4B-00C04F79EFBC}") = "JSE_RevitAddin_MEP_OPENINGS", "JSE_RevitAddin_MEP_OPENINGS.csproj", "{36639406-FB80-443A-9D72-A10F363F0112}"
EndProject
Global
	GlobalSection(SolutionConfigurationPlatforms) = preSolution
		Debug|Any CPU = Debug|Any CPU
		Debug|x64 = Debug|x64
		Debug|x86 = Debug|x86
		Release|Any CPU = Release|Any CPU
		Release|x64 = Release|x64
		Release|x86 = Release|x86
	EndGlobalSection
	GlobalSection(ProjectConfigurationPlatforms) = postSolution
		{36639406-FB80-443A-9D72-A10F363F0112}.Debug|Any CPU.ActiveCfg = Debug R23|Any CPU
		{36639406-FB80-443A-9D72-A10F363F0112}.Debug|Any CPU.Build.0 = Debug R23|Any CPU
		{36639406-FB80-443A-9D72-A10F363F0112}.Debug|x64.ActiveCfg = Debug R23|Any CPU
		{36639406-FB80-443A-9D72-A10F363F0112}.Debug|x64.Build.0 = Debug R23|Any CPU
		{36639406-FB80-443A-9D72-A10F363F0112}.Debug|x86.ActiveCfg = Debug R23|Any CPU
		{36639406-FB80-443A-9D72-A10F363F0112}.Debug|x86.Build.0 = Debug R23|Any CPU
		{36639406-FB80-443A-9D72-A10F363F0112}.Release|Any CPU.ActiveCfg = Debug R23|Any CPU
		{36639406-FB80-443A-9D72-A10F363F0112}.Release|Any CPU.Build.0 = Debug R23|Any CPU
		{36639406-FB80-443A-9D72-A10F363F0112}.Release|x64.ActiveCfg = Debug R23|Any CPU
		{36639406-FB80-443A-9D72-A10F363F0112}.Release|x64.Build.0 = Debug R23|Any CPU
		{36639406-FB80-443A-9D72-A10F363F0112}.Release|x86.ActiveCfg = Debug R23|Any CPU
		{36639406-FB80-443A-9D72-A10F363F0112}.Release|x86.Build.0 = Debug R23|Any CPU
	EndGlobalSection
	GlobalSection(SolutionProperties) = preSolution
		HideSolutionNode = FALSE
	EndGlobalSection
EndGlobal
